{
  "nodes": {
    "agent-skills": {
      "inputs": {
        "home-manager": [
          "home-manager"
        ],
        "nixpkgs": [
          "nixpkgs"
        ]
      },
      "locked": {
        "lastModified": 1782183570,
        "narHash": "sha256-4LrewbD02WDf0CosGP/yO1yLneTeeJM39SjFa99kSRQ=",
        "owner": "Kyure-A",
        "repo": "agent-skills-nix",
        "rev": "fe867fe7be3a55d939746b278194deee4814fb08",
        "type": "github"
      },
      "original": {
        "owner": "Kyure-A",
        "repo": "agent-skills-nix",
        "type": "github"
      }
    },
    "home-manager": {
      "inputs": {
        "nixpkgs": [
          "nixpkgs"
        ]
      },
      "locked": {
        "lastModified": 1782233665,
        "narHash": "sha256-h/xOtrByoA/Ak1lWHn0O1lVZz4qWYbwOSLQ8YSwQO0I=",
        "owner": "nix-community",
        "repo": "home-manager",
        "rev": "062581938b4a378a82dfbb294b494808157153a1",
        "type": "github"
      },
      "original": {
        "owner": "nix-community",
        "repo": "home-manager",
        "type": "github"
      }
    },
    "nixpkgs": {
      "locked": {
        "lastModified": 1781607440,
        "narHash": "sha256-rxO+uc/KFbSJp+pgyXRuAX6QlG9hJdnt0BXpEQRXY+U=",
        "owner": "nixos",
        "repo": "nixpkgs",
        "rev": "3e41b24abd260e8f71dbe2f5737d24122f972158",
        "type": "github"
      },
      "original": {
        "owner": "nixos",
        "ref": "nixpkgs-unstable",
        "repo": "nixpkgs",
        "type": "github"
      }
    },
    "root": {
      "inputs": {
        "agent-skills": "agent-skills",
        "home-manager": "home-manager",
        "nixpkgs": "nixpkgs",
        "superpowers-skill": "superpowers-skill"
      }
    },
    "superpowers-skill": {
      "flake": false,
      "locked": {
        "lastModified": 1781822662,
        "narHash": "sha256-+lT2a/qq0SF4k0PgnEDKiuidVlZX2p0vEso4d/5T1os=",
        "owner": "obra",
        "repo": "superpowers",
        "rev": "896224c4b1879920ab573417e68fd51d2ccc9072",
        "type": "github"
      },
      "original": {
        "owner": "obra",
        "repo": "superpowers",
        "type": "github"
      }
    }
  },
  "root": "root",
  "version": 7
}
